
Microsoft Visual Studio Solution File, Format Version 10.00
# Visual Studio 2008
Project("{8BC9CEB8-8B4A-11D0-8D11-00A0C91BC942}") = "G3DWK_wyznacznik", "G3DWK_wyznacznik\G3DWK_wyznacznik.vcproj", "{22EC8633-A4EF-4CEA-A21D-1889855F7B59}"
EndProject
Global
	GlobalSection(SolutionConfigurationPlatforms) = preSolution
		Debug|Win32 = Debug|Win32
		Release|Win32 = Release|Win32
	EndGlobalSection
	GlobalSection(ProjectConfigurationPlatforms) = postSolution
		{22EC8633-A4EF-4CEA-A21D-1889855F7B59}.Debug|Win32.ActiveCfg = Debug|Win32
		{22EC8633-A4EF-4CEA-A21D-1889855F7B59}.Debug|Win32.Build.0 = Debug|Win32
		{22EC8633-A4EF-4CEA-A21D-1889855F7B59}.Release|Win32.ActiveCfg = Release|Win32
		{22EC8633-A4EF-4CEA-A21D-1889855F7B59}.Release|Win32.Build.0 = Release|Win32
	EndGlobalSection
	GlobalSection(SolutionProperties) = preSolution
		HideSolutionNode = FALSE
	EndGlobalSection
EndGlobal
